
Microsoft Visual Studio Solution File, Format Version 12.00
# Visual Studio Version 16
VisualStudioVersion = 16.0.30104.148
MinimumVisualStudioVersion = 10.0.40219.1
Project("{9A19103F-16F7-4668-BE54-9A1E7A4F7556}") = "myMLApp", "myMLApp\myMLApp.csproj", "{400B7710-0D3D-4B70-A6F9-F4EC2F10E6EE}"
EndProject
Project("{9A19103F-16F7-4668-BE54-9A1E7A4F7556}") = "myMLAppML.Model", "myMLAppML.Model\myMLAppML.Model.csproj", "{21B3A86E-A0B7-407A-8717-DF52783F537D}"
EndProject
Project("{9A19103F-16F7-4668-BE54-9A1E7A4F7556}") = "myMLAppML.ConsoleApp", "myMLAppML.ConsoleApp\myMLAppML.ConsoleApp.csproj", "{9C45C046-4A62-4871-9186-E04131B646BD}"
EndProject
Global
	GlobalSection(SolutionConfigurationPlatforms) = preSolution
		Debug|Any CPU = Debug|Any CPU
		Release|Any CPU = Release|Any CPU
	EndGlobalSection
	GlobalSection(ProjectConfigurationPlatforms) = postSolution
		{400B7710-0D3D-4B70-A6F9-F4EC2F10E6EE}.Debug|Any CPU.ActiveCfg = Debug|Any CPU
		{400B7710-0D3D-4B70-A6F9-F4EC2F10E6EE}.Debug|Any CPU.Build.0 = Debug|Any CPU
		{400B7710-0D3D-4B70-A6F9-F4EC2F10E6EE}.Release|Any CPU.ActiveCfg = Release|Any CPU
		{400B7710-0D3D-4B70-A6F9-F4EC2F10E6EE}.Release|Any CPU.Build.0 = Release|Any CPU
		{21B3A86E-A0B7-407A-8717-DF52783F537D}.Debug|Any CPU.ActiveCfg = Debug|Any CPU
		{21B3A86E-A0B7-407A-8717-DF52783F537D}.Debug|Any CPU.Build.0 = Debug|Any CPU
		{21B3A86E-A0B7-407A-8717-DF52783F537D}.Release|Any CPU.ActiveCfg = Release|Any CPU
		{21B3A86E-A0B7-407A-8717-DF52783F537D}.Release|Any CPU.Build.0 = Release|Any CPU
		{9C45C046-4A62-4871-9186-E04131B646BD}.Debug|Any CPU.ActiveCfg = Debug|Any CPU
		{9C45C046-4A62-4871-9186-E04131B646BD}.Debug|Any CPU.Build.0 = Debug|Any CPU
		{9C45C046-4A62-4871-9186-E04131B646BD}.Release|Any CPU.ActiveCfg = Release|Any CPU
		{9C45C046-4A62-4871-9186-E04131B646BD}.Release|Any CPU.Build.0 = Release|Any CPU
	EndGlobalSection
	GlobalSection(SolutionProperties) = preSolution
		HideSolutionNode = FALSE
	EndGlobalSection
	GlobalSection(ExtensibilityGlobals) = postSolution
		SolutionGuid = {5BFA428B-DA28-4395-8665-1E5150A48AA7}
	EndGlobalSection
EndGlobal
